
Microsoft Visual Studio Solution File, Format Version 12.00
# Visual Studio Version 17
VisualStudioVersion = 17.14.36603.0
MinimumVisualStudioVersion = 10.0.40219.1
Project("{FAE04EC0-301F-11D3-BF4B-00C04F79EFBC}") = "ING DE NORTE 1", "ING DE NORTE 1\ING DE NORTE 1.csproj", "{5CEBFDA8-5752-47E6-9B6A-A076F3604CB7}"
EndProject
Global
	GlobalSection(SolutionConfigurationPlatforms) = preSolution
		Debug|Any CPU = Debug|Any CPU
		Release|Any CPU = Release|Any CPU
	EndGlobalSection
	GlobalSection(ProjectConfigurationPlatforms) = postSolution
		{5CEBFDA8-5752-47E6-9B6A-A076F3604CB7}.Debug|Any CPU.ActiveCfg = Debug|Any CPU
		{5CEBFDA8-5752-47E6-9B6A-A076F3604CB7}.Debug|Any CPU.Build.0 = Debug|Any CPU
		{5CEBFDA8-5752-47E6-9B6A-A076F3604CB7}.Release|Any CPU.ActiveCfg = Release|Any CPU
		{5CEBFDA8-5752-47E6-9B6A-A076F3604CB7}.Release|Any CPU.Build.0 = Release|Any CPU
	EndGlobalSection
	GlobalSection(SolutionProperties) = preSolution
		HideSolutionNode = FALSE
	EndGlobalSection
	GlobalSection(ExtensibilityGlobals) = postSolution
		SolutionGuid = {1CE242EE-5CE1-4C23-8338-21538964D051}
	EndGlobalSection
EndGlobal
